
Microsoft Visual Studio Solution File, Format Version 10.00
# Visual C++ Express 2008
Project("{8BC9CEB8-8B4A-11D0-8D11-00A0C91BC942}") = "Overview", "Overview.vcproj", "{F4550EC4-F8D9-4932-A44A-10E4A41DCD74}"
	ProjectSection(ProjectDependencies) = postProject
		{AB433BD3-F3EC-47D7-9D02-AE877C5F0E7F} = {AB433BD3-F3EC-47D7-9D02-AE877C5F0E7F}
	EndProjectSection
EndProject
Project("{8BC9CEB8-8B4A-11D0-8D11-00A0C91BC942}") = "Formosana", "..\..\Formosana.vcproj", "{AB433BD3-F3EC-47D7-9D02-AE877C5F0E7F}"
EndProject
Global
	GlobalSection(SolutionConfigurationPlatforms) = preSolution
		Debug|Win32 = Debug|Win32
		Release|Win32 = Release|Win32
	EndGlobalSection
	GlobalSection(ProjectConfigurationPlatforms) = postSolution
		{F4550EC4-F8D9-4932-A44A-10E4A41DCD74}.Debug|Win32.ActiveCfg = Debug|Win32
		{F4550EC4-F8D9-4932-A44A-10E4A41DCD74}.Debug|Win32.Build.0 = Debug|Win32
		{F4550EC4-F8D9-4932-A44A-10E4A41DCD74}.Release|Win32.ActiveCfg = Release|Win32
		{F4550EC4-F8D9-4932-A44A-10E4A41DCD74}.Release|Win32.Build.0 = Release|Win32
		{AB433BD3-F3EC-47D7-9D02-AE877C5F0E7F}.Debug|Win32.ActiveCfg = Debug|Win32
		{AB433BD3-F3EC-47D7-9D02-AE877C5F0E7F}.Debug|Win32.Build.0 = Debug|Win32
		{AB433BD3-F3EC-47D7-9D02-AE877C5F0E7F}.Release|Win32.ActiveCfg = Release|Win32
		{AB433BD3-F3EC-47D7-9D02-AE877C5F0E7F}.Release|Win32.Build.0 = Release|Win32
	EndGlobalSection
	GlobalSection(SolutionProperties) = preSolution
		HideSolutionNode = FALSE
	EndGlobalSection
EndGlobal
